
Microsoft Visual Studio Solution File, Format Version 12.00
# Visual Studio 15
VisualStudioVersion = 15.0.28307.106
MinimumVisualStudioVersion = 10.0.40219.1
Project("{FAE04EC0-301F-11D3-BF4B-00C04F79EFBC}") = "StudentShield.Android", "StudentShield\StudentShield.Android\StudentShield.Android.csproj", "{70C1D10B-FD51-4239-8C6B-12EB3D01CFBA}"
EndProject
Project("{FAE04EC0-301F-11D3-BF4B-00C04F79EFBC}") = "StudentShield.iOS", "StudentShield\StudentShield.iOS\StudentShield.iOS.csproj", "{1B92BCCC-F778-4084-AD9F-A6218D51B683}"
EndProject
Project("{FAE04EC0-301F-11D3-BF4B-00C04F79EFBC}") = "StudentShield", "StudentShield\StudentShield\StudentShield.csproj", "{82631B95-4C4F-46DE-8919-EC2D63E49D5B}"
EndProject
Global
	GlobalSection(SolutionConfigurationPlatforms) = preSolution
		Ad-Hoc|Any CPU = Ad-Hoc|Any CPU
		Ad-Hoc|iPhone = Ad-Hoc|iPhone
		Ad-Hoc|iPhoneSimulator = Ad-Hoc|iPhoneSimulator
		AppStore|Any CPU = AppStore|Any CPU
		AppStore|iPhone = AppStore|iPhone
		AppStore|iPhoneSimulator = AppStore|iPhoneSimulator
		Debug|Any CPU = Debug|Any CPU
		Debug|iPhone = Debug|iPhone
		Debug|iPhoneSimulator = Debug|iPhoneSimulator
		Release|Any CPU = Release|Any CPU
		Release|iPhone = Release|iPhone
		Release|iPhoneSimulator = Release|iPhoneSimulator
	EndGlobalSection
	GlobalSection(ProjectConfigurationPlatforms) = postSolution
		{70C1D10B-FD51-4239-8C6B-12EB3D01CFBA}.Ad-Hoc|Any CPU.ActiveCfg = Release|Any CPU
		{70C1D10B-FD51-4239-8C6B-12EB3D01CFBA}.Ad-Hoc|Any CPU.Build.0 = Release|Any CPU
		{70C1D10B-FD51-4239-8C6B-12EB3D01CFBA}.Ad-Hoc|Any CPU.Deploy.0 = Release|Any CPU
		{70C1D10B-FD51-4239-8C6B-12EB3D01CFBA}.Ad-Hoc|iPhone.ActiveCfg = Release|Any CPU
		{70C1D10B-FD51-4239-8C6B-12EB3D01CFBA}.Ad-Hoc|iPhone.Build.0 = Release|Any CPU
		{70C1D10B-FD51-4239-8C6B-12EB3D01CFBA}.Ad-Hoc|iPhone.Deploy.0 = Release|Any CPU
		{70C1D10B-FD51-4239-8C6B-12EB3D01CFBA}.Ad-Hoc|iPhoneSimulator.ActiveCfg = Release|Any CPU
		{70C1D10B-FD51-4239-8C6B-12EB3D01CFBA}.Ad-Hoc|iPhoneSimulator.Build.0 = Release|Any CPU
		{70C1D10B-FD51-4239-8C6B-12EB3D01CFBA}.Ad-Hoc|iPhoneSimulator.Deploy.0 = Release|Any CPU
		{70C1D10B-FD51-4239-8C6B-12EB3D01CFBA}.AppStore|Any CPU.ActiveCfg = Release|Any CPU
		{70C1D10B-FD51-4239-8C6B-12EB3D01CFBA}.AppStore|Any CPU.Build.0 = Release|Any CPU
		{70C1D10B-FD51-4239-8C6B-12EB3D01CFBA}.AppStore|Any CPU.Deploy.0 = Release|Any CPU
		{70C1D10B-FD51-4239-8C6B-12EB3D01CFBA}.AppStore|iPhone.ActiveCfg = Release|Any CPU
		{70C1D10B-FD51-4239-8C6B-12EB3D01CFBA}.AppStore|iPhone.Build.0 = Release|Any CPU
		{70C1D10B-FD51-4239-8C6B-12EB3D01CFBA}.AppStore|iPhone.Deploy.0 = Release|Any CPU
		{70C1D10B-FD51-4239-8C6B-12EB3D01CFBA}.AppStore|iPhoneSimulator.ActiveCfg = Release|Any CPU
		{70C1D10B-FD51-4239-8C6B-12EB3D01CFBA}.AppStore|iPhoneSimulator.Build.0 = Release|Any CPU
		{70C1D10B-FD51-4239-8C6B-12EB3D01CFBA}.AppStore|iPhoneSimulator.Deploy.0 = Release|Any CPU
		{70C1D10B-FD51-4239-8C6B-12EB3D01CFBA}.Debug|Any CPU.ActiveCfg = Debug|Any CPU
		{70C1D10B-FD51-4239-8C6B-12EB3D01CFBA}.Debug|Any CPU.Build.0 = Debug|Any CPU
		{70C1D10B-FD51-4239-8C6B-12EB3D01CFBA}.Debug|Any CPU.Deploy.0 = Debug|Any CPU
		{70C1D10B-FD51-4239-8C6B-12EB3D01CFBA}.Debug|iPhone.ActiveCfg = Debug|Any CPU
		{70C1D10B-FD51-4239-8C6B-12EB3D01CFBA}.Debug|iPhone.Build.0 = Debug|Any CPU
		{70C1D10B-FD51-4239-8C6B-12EB3D01CFBA}.Debug|iPhone.Deploy.0 = Debug|Any CPU
		{70C1D10B-FD51-4239-8C6B-12EB3D01CFBA}.Debug|iPhoneSimulator.ActiveCfg = Debug|Any CPU
		{70C1D10B-FD51-4239-8C6B-12EB3D01CFBA}.Debug|iPhoneSimulator.Build.0 = Debug|Any CPU
		{70C1D10B-FD51-4239-8C6B-12EB3D01CFBA}.Debug|iPhoneSimulator.Deploy.0 = Debug|Any CPU
		{70C1D10B-FD51-4239-8C6B-12EB3D01CFBA}.Release|Any CPU.ActiveCfg = Release|Any CPU
		{70C1D10B-FD51-4239-8C6B-12EB3D01CFBA}.Release|Any CPU.Build.0 = Release|Any CPU
		{70C1D10B-FD51-4239-8C6B-12EB3D01CFBA}.Release|Any CPU.Deploy.0 = Release|Any CPU
		{70C1D10B-FD51-4239-8C6B-12EB3D01CFBA}.Release|iPhone.ActiveCfg = Release|Any CPU
		{70C1D10B-FD51-4239-8C6B-12EB3D01CFBA}.Release|iPhone.Build.0 = Release|Any CPU
		{70C1D10B-FD51-4239-8C6B-12EB3D01CFBA}.Release|iPhone.Deploy.0 = Release|Any CPU
		{70C1D10B-FD51-4239-8C6B-12EB3D01CFBA}.Release|iPhoneSimulator.ActiveCfg = Release|Any CPU
		{70C1D10B-FD51-4239-8C6B-12EB3D01CFBA}.Release|iPhoneSimulator.Build.0 = Release|Any CPU
		{70C1D10B-FD51-4239-8C6B-12EB3D01CFBA}.Release|iPhoneSimulator.Deploy.0 = Release|Any CPU
		{1B92BCCC-F778-4084-AD9F-A6218D51B683}.Ad-Hoc|Any CPU.ActiveCfg = Ad-Hoc|iPhone
		{1B92BCCC-F778-4084-AD9F-A6218D51B683}.Ad-Hoc|Any CPU.Build.0 = Ad-Hoc|iPhone
		{1B92BCCC-F778-4084-AD9F-A6218D51B683}.Ad-Hoc|Any CPU.Deploy.0 = Ad-Hoc|iPhone
		{1B92BCCC-F778-4084-AD9F-A6218D51B683}.Ad-Hoc|iPhone.ActiveCfg = Ad-Hoc|iPhone
		{1B92BCCC-F778-4084-AD9F-A6218D51B683}.Ad-Hoc|iPhone.Build.0 = Ad-Hoc|iPhone
		{1B92BCCC-F778-4084-AD9F-A6218D51B683}.Ad-Hoc|iPhone.Deploy.0 = Ad-Hoc|iPhone
		{1B92BCCC-F778-4084-AD9F-A6218D51B683}.Ad-Hoc|iPhoneSimulator.ActiveCfg = Ad-Hoc|iPhoneSimulator
		{1B92BCCC-F778-4084-AD9F-A6218D51B683}.Ad-Hoc|iPhoneSimulator.Build.0 = Ad-Hoc|iPhoneSimulator
		{1B92BCCC-F778-4084-AD9F-A6218D51B683}.Ad-Hoc|iPhoneSimulator.Deploy.0 = Ad-Hoc|iPhoneSimulator
		{1B92BCCC-F778-4084-AD9F-A6218D51B683}.AppStore|Any CPU.ActiveCfg = AppStore|iPhone
		{1B92BCCC-F778-4084-AD9F-A6218D51B683}.AppStore|Any CPU.Build.0 = AppStore|iPhone
		{1B92BCCC-F778-4084-AD9F-A6218D51B683}.AppStore|Any CPU.Deploy.0 = AppStore|iPhone
		{1B92BCCC-F778-4084-AD9F-A6218D51B683}.AppStore|iPhone.ActiveCfg = AppStore|iPhone
		{1B92BCCC-F778-4084-AD9F-A6218D51B683}.AppStore|iPhone.Build.0 = AppStore|iPhone
		{1B92BCCC-F778-4084-AD9F-A6218D51B683}.AppStore|iPhone.Deploy.0 = AppStore|iPhone
		{1B92BCCC-F778-4084-AD9F-A6218D51B683}.AppStore|iPhoneSimulator.ActiveCfg = AppStore|iPhoneSimulator
		{1B92BCCC-F778-4084-AD9F-A6218D51B683}.AppStore|iPhoneSimulator.Build.0 = AppStore|iPhoneSimulator
		{1B92BCCC-F778-4084-AD9F-A6218D51B683}.AppStore|iPhoneSimulator.Deploy.0 = AppStore|iPhoneSimulator
		{1B92BCCC-F778-4084-AD9F-A6218D51B683}.Debug|Any CPU.ActiveCfg = Debug|iPhoneSimulator
		{1B92BCCC-F778-4084-AD9F-A6218D51B683}.Debug|Any CPU.Build.0 = Debug|iPhoneSimulator
		{1B92BCCC-F778-4084-AD9F-A6218D51B683}.Debug|Any CPU.Deploy.0 = Debug|iPhoneSimulator
		{1B92BCCC-F778-4084-AD9F-A6218D51B683}.Debug|iPhone.ActiveCfg = Debug|iPhone
		{1B92BCCC-F778-4084-AD9F-A6218D51B683}.Debug|iPhone.Build.0 = Debug|iPhone
		{1B92BCCC-F778-4084-AD9F-A6218D51B683}.Debug|iPhone.Deploy.0 = Debug|iPhone
		{1B92BCCC-F778-4084-AD9F-A6218D51B683}.Debug|iPhoneSimulator.ActiveCfg = Debug|iPhoneSimulator
		{1B92BCCC-F778-4084-AD9F-A6218D51B683}.Debug|iPhoneSimulator.Build.0 = Debug|iPhoneSimulator
		{1B92BCCC-F778-4084-AD9F-A6218D51B683}.Debug|iPhoneSimulator.Deploy.0 = Debug|iPhoneSimulator
		{1B92BCCC-F778-4084-AD9F-A6218D51B683}.Release|Any CPU.ActiveCfg = Release|iPhone
		{1B92BCCC-F778-4084-AD9F-A6218D51B683}.Release|Any CPU.Build.0 = Release|iPhone
		{1B92BCCC-F778-4084-AD9F-A6218D51B683}.Release|Any CPU.Deploy.0 = Release|iPhone
		{1B92BCCC-F778-4084-AD9F-A6218D51B683}.Release|iPhone.ActiveCfg = Release|iPhone
		{1B92BCCC-F778-4084-AD9F-A6218D51B683}.Release|iPhone.Build.0 = Release|iPhone
		{1B92BCCC-F778-4084-AD9F-A6218D51B683}.Release|iPhone.Deploy.0 = Release|iPhone
		{1B92BCCC-F778-4084-AD9F-A6218D51B683}.Release|iPhoneSimulator.ActiveCfg = Release|iPhoneSimulator
		{1B92BCCC-F778-4084-AD9F-A6218D51B683}.Release|iPhoneSimulator.Build.0 = Release|iPhoneSimulator
		{1B92BCCC-F778-4084-AD9F-A6218D51B683}.Release|iPhoneSimulator.Deploy.0 = Release|iPhoneSimulator
		{82631B95-4C4F-46DE-8919-EC2D63E49D5B}.Ad-Hoc|Any CPU.ActiveCfg = Debug|Any CPU
		{82631B95-4C4F-46DE-8919-EC2D63E49D5B}.Ad-Hoc|Any CPU.Build.0 = Debug|Any CPU
		{82631B95-4C4F-46DE-8919-EC2D63E49D5B}.Ad-Hoc|Any CPU.Deploy.0 = Debug|Any CPU
		{82631B95-4C4F-46DE-8919-EC2D63E49D5B}.Ad-Hoc|iPhone.ActiveCfg = Debug|Any CPU
		{82631B95-4C4F-46DE-8919-EC2D63E49D5B}.Ad-Hoc|iPhone.Build.0 = Debug|Any CPU
		{82631B95-4C4F-46DE-8919-EC2D63E49D5B}.Ad-Hoc|iPhone.Deploy.0 = Debug|Any CPU
		{82631B95-4C4F-46DE-8919-EC2D63E49D5B}.Ad-Hoc|iPhoneSimulator.ActiveCfg = Debug|Any CPU
		{82631B95-4C4F-46DE-8919-EC2D63E49D5B}.Ad-Hoc|iPhoneSimulator.Build.0 = Debug|Any CPU
		{82631B95-4C4F-46DE-8919-EC2D63E49D5B}.Ad-Hoc|iPhoneSimulator.Deploy.0 = Debug|Any CPU
		{82631B95-4C4F-46DE-8919-EC2D63E49D5B}.AppStore|Any CPU.ActiveCfg = Debug|Any CPU
		{82631B95-4C4F-46DE-8919-EC2D63E49D5B}.AppStore|Any CPU.Build.0 = Debug|Any CPU
		{82631B95-4C4F-46DE-8919-EC2D63E49D5B}.AppStore|Any CPU.Deploy.0 = Debug|Any CPU
		{82631B95-4C4F-46DE-8919-EC2D63E49D5B}.AppStore|iPhone.ActiveCfg = Debug|Any CPU
		{82631B95-4C4F-46DE-8919-EC2D63E49D5B}.AppStore|iPhone.Build.0 = Debug|Any CPU
		{82631B95-4C4F-46DE-8919-EC2D63E49D5B}.AppStore|iPhone.Deploy.0 = Debug|Any CPU
		{82631B95-4C4F-46DE-8919-EC2D63E49D5B}.AppStore|iPhoneSimulator.ActiveCfg = Debug|Any CPU
		{82631B95-4C4F-46DE-8919-EC2D63E49D5B}.AppStore|iPhoneSimulator.Build.0 = Debug|Any CPU
		{82631B95-4C4F-46DE-8919-EC2D63E49D5B}.AppStore|iPhoneSimulator.Deploy.0 = Debug|Any CPU
		{82631B95-4C4F-46DE-8919-EC2D63E49D5B}.Debug|Any CPU.ActiveCfg = Debug|Any CPU
		{82631B95-4C4F-46DE-8919-EC2D63E49D5B}.Debug|Any CPU.Build.0 = Debug|Any CPU
		{82631B95-4C4F-46DE-8919-EC2D63E49D5B}.Debug|Any CPU.Deploy.0 = Debug|Any CPU
		{82631B95-4C4F-46DE-8919-EC2D63E49D5B}.Debug|iPhone.ActiveCfg = Debug|Any CPU
		{82631B95-4C4F-46DE-8919-EC2D63E49D5B}.Debug|iPhone.Build.0 = Debug|Any CPU
		{82631B95-4C4F-46DE-8919-EC2D63E49D5B}.Debug|iPhone.Deploy.0 = Debug|Any CPU
		{82631B95-4C4F-46DE-8919-EC2D63E49D5B}.Debug|iPhoneSimulator.ActiveCfg = Debug|Any CPU
		{82631B95-4C4F-46DE-8919-EC2D63E49D5B}.Debug|iPhoneSimulator.Build.0 = Debug|Any CPU
		{82631B95-4C4F-46DE-8919-EC2D63E49D5B}.Debug|iPhoneSimulator.Deploy.0 = Debug|Any CPU
		{82631B95-4C4F-46DE-8919-EC2D63E49D5B}.Release|Any CPU.ActiveCfg = Release|Any CPU
		{82631B95-4C4F-46DE-8919-EC2D63E49D5B}.Release|Any CPU.Build.0 = Release|Any CPU
		{82631B95-4C4F-46DE-8919-EC2D63E49D5B}.Release|Any CPU.Deploy.0 = Release|Any CPU
		{82631B95-4C4F-46DE-8919-EC2D63E49D5B}.Release|iPhone.ActiveCfg = Release|Any CPU
		{82631B95-4C4F-46DE-8919-EC2D63E49D5B}.Release|iPhone.Build.0 = Release|Any CPU
		{82631B95-4C4F-46DE-8919-EC2D63E49D5B}.Release|iPhone.Deploy.0 = Release|Any CPU
		{82631B95-4C4F-46DE-8919-EC2D63E49D5B}.Release|iPhoneSimulator.ActiveCfg = Release|Any CPU
		{82631B95-4C4F-46DE-8919-EC2D63E49D5B}.Release|iPhoneSimulator.Build.0 = Release|Any CPU
		{82631B95-4C4F-46DE-8919-EC2D63E49D5B}.Release|iPhoneSimulator.Deploy.0 = Release|Any CPU
	EndGlobalSection
	GlobalSection(SolutionProperties) = preSolution
		HideSolutionNode = FALSE
	EndGlobalSection
	GlobalSection(ExtensibilityGlobals) = postSolution
		SolutionGuid = {4C4B3096-6E53-449E-A938-7E399A341DEA}
	EndGlobalSection
EndGlobal
